
Microsoft Visual Studio Solution File, Format Version 12.00
# Visual Studio Version 17
VisualStudioVersion = 17.8.34511.84
MinimumVisualStudioVersion = 10.0.40219.1
Project("{9A19103F-16F7-4668-BE54-9A1E7A4F7556}") = "FortBackend", "FortBackend\FortBackend.csproj", "{853C2DE8-4705-4070-94B5-0BDAD9FD78E0}"
EndProject
Project("{9A19103F-16F7-4668-BE54-9A1E7A4F7556}") = "FortMatchmaker", "FortMatchmaker\FortMatchmaker.csproj", "{5F1B3B24-517C-45DE-8186-AB439A4B611F}"
EndProject
Project("{9A19103F-16F7-4668-BE54-9A1E7A4F7556}") = "FortLibrary", "FortLibrary\FortLibrary.csproj", "{8B67486A-AE03-474C-9D37-AC4F7C4B000C}"
EndProject
Global
	GlobalSection(SolutionConfigurationPlatforms) = preSolution
		DEVELOPMENT|Any CPU = DEVELOPMENT|Any CPU
		DEVELOPMENT|ARM32 = DEVELOPMENT|ARM32
		DEVELOPMENT|x64 = DEVELOPMENT|x64
		Release|Any CPU = Release|Any CPU
		Release|ARM32 = Release|ARM32
		Release|x64 = Release|x64
	EndGlobalSection
	GlobalSection(ProjectConfigurationPlatforms) = postSolution
		{853C2DE8-4705-4070-94B5-0BDAD9FD78E0}.DEVELOPMENT|Any CPU.ActiveCfg = DEVELOPMENT|Any CPU
		{853C2DE8-4705-4070-94B5-0BDAD9FD78E0}.DEVELOPMENT|Any CPU.Build.0 = DEVELOPMENT|Any CPU
		{853C2DE8-4705-4070-94B5-0BDAD9FD78E0}.DEVELOPMENT|ARM32.ActiveCfg = DEVELOPMENT|ARM32
		{853C2DE8-4705-4070-94B5-0BDAD9FD78E0}.DEVELOPMENT|ARM32.Build.0 = DEVELOPMENT|ARM32
		{853C2DE8-4705-4070-94B5-0BDAD9FD78E0}.DEVELOPMENT|x64.ActiveCfg = DEVELOPMENT|x64
		{853C2DE8-4705-4070-94B5-0BDAD9FD78E0}.DEVELOPMENT|x64.Build.0 = DEVELOPMENT|x64
		{853C2DE8-4705-4070-94B5-0BDAD9FD78E0}.Release|Any CPU.ActiveCfg = Release|Any CPU
		{853C2DE8-4705-4070-94B5-0BDAD9FD78E0}.Release|Any CPU.Build.0 = Release|Any CPU
		{853C2DE8-4705-4070-94B5-0BDAD9FD78E0}.Release|ARM32.ActiveCfg = Release|ARM32
		{853C2DE8-4705-4070-94B5-0BDAD9FD78E0}.Release|ARM32.Build.0 = Release|ARM32
		{853C2DE8-4705-4070-94B5-0BDAD9FD78E0}.Release|x64.ActiveCfg = Release|x64
		{853C2DE8-4705-4070-94B5-0BDAD9FD78E0}.Release|x64.Build.0 = Release|x64
		{5F1B3B24-517C-45DE-8186-AB439A4B611F}.DEVELOPMENT|Any CPU.ActiveCfg = DEVELOPMENT|Any CPU
		{5F1B3B24-517C-45DE-8186-AB439A4B611F}.DEVELOPMENT|Any CPU.Build.0 = DEVELOPMENT|Any CPU
		{5F1B3B24-517C-45DE-8186-AB439A4B611F}.DEVELOPMENT|ARM32.ActiveCfg = DEVELOPMENT|ARM32
		{5F1B3B24-517C-45DE-8186-AB439A4B611F}.DEVELOPMENT|ARM32.Build.0 = DEVELOPMENT|ARM32
		{5F1B3B24-517C-45DE-8186-AB439A4B611F}.DEVELOPMENT|x64.ActiveCfg = DEVELOPMENT|Any CPU
		{5F1B3B24-517C-45DE-8186-AB439A4B611F}.DEVELOPMENT|x64.Build.0 = DEVELOPMENT|Any CPU
		{5F1B3B24-517C-45DE-8186-AB439A4B611F}.Release|Any CPU.ActiveCfg = Release|Any CPU
		{5F1B3B24-517C-45DE-8186-AB439A4B611F}.Release|Any CPU.Build.0 = Release|Any CPU
		{5F1B3B24-517C-45DE-8186-AB439A4B611F}.Release|ARM32.ActiveCfg = Release|ARM32
		{5F1B3B24-517C-45DE-8186-AB439A4B611F}.Release|ARM32.Build.0 = Release|ARM32
		{5F1B3B24-517C-45DE-8186-AB439A4B611F}.Release|x64.ActiveCfg = Release|Any CPU
		{5F1B3B24-517C-45DE-8186-AB439A4B611F}.Release|x64.Build.0 = Release|Any CPU
		{8B67486A-AE03-474C-9D37-AC4F7C4B000C}.DEVELOPMENT|Any CPU.ActiveCfg = Debug|Any CPU
		{8B67486A-AE03-474C-9D37-AC4F7C4B000C}.DEVELOPMENT|Any CPU.Build.0 = Debug|Any CPU
		{8B67486A-AE03-474C-9D37-AC4F7C4B000C}.DEVELOPMENT|ARM32.ActiveCfg = Debug|ARM32
		{8B67486A-AE03-474C-9D37-AC4F7C4B000C}.DEVELOPMENT|ARM32.Build.0 = Debug|ARM32
		{8B67486A-AE03-474C-9D37-AC4F7C4B000C}.DEVELOPMENT|x64.ActiveCfg = Debug|Any CPU
		{8B67486A-AE03-474C-9D37-AC4F7C4B000C}.DEVELOPMENT|x64.Build.0 = Debug|Any CPU
		{8B67486A-AE03-474C-9D37-AC4F7C4B000C}.Release|Any CPU.ActiveCfg = Release|Any CPU
		{8B67486A-AE03-474C-9D37-AC4F7C4B000C}.Release|Any CPU.Build.0 = Release|Any CPU
		{8B67486A-AE03-474C-9D37-AC4F7C4B000C}.Release|ARM32.ActiveCfg = Release|ARM32
		{8B67486A-AE03-474C-9D37-AC4F7C4B000C}.Release|ARM32.Build.0 = Release|ARM32
		{8B67486A-AE03-474C-9D37-AC4F7C4B000C}.Release|x64.ActiveCfg = Release|x64
		{8B67486A-AE03-474C-9D37-AC4F7C4B000C}.Release|x64.Build.0 = Release|x64
	EndGlobalSection
	GlobalSection(SolutionProperties) = preSolution
		HideSolutionNode = FALSE
	EndGlobalSection
	GlobalSection(ExtensibilityGlobals) = postSolution
		SolutionGuid = {2A10DD76-049B-4961-8B1E-67E08D8A87C4}
	EndGlobalSection
EndGlobal
